{
  "name": "scavenger-hunt",
  "version": "1.0.0",
  "lockfileVersion": 1,
  "requires": true,
  "dependencies": {
    "@angular/router": {
      "version": "4.3.6",
      "resolved": "https://registry.npmjs.org/@angular/router/-/router-4.3.6.tgz",
      "integrity": "sha1-ZAM+20/NoIoyPnUztKGCDA8o0TA=",
      "requires": {
        "tslib": "1.7.1"
      }
    },
    "@material/animation": {
      "version": "0.3.1",
      "resolved": "https://registry.npmjs.org/@material/animation/-/animation-0.3.1.tgz",
      "integrity": "sha1-Ip3mkn0FkNbWsgFX13jSZO8CIpo="
    },
    "@material/auto-init": {
      "version": "0.1.4",
      "resolved": "https://registry.npmjs.org/@material/auto-init/-/auto-init-0.1.4.tgz",
      "integrity": "sha512-pyq6hTVrYo/Z/yU3vCAaIpo7C9As/Inj49kt7tRPLsCQ5MDhhMTjCZFmqldDss88XQ1QR2gjNoSh7lNkwRlu7A=="
    },
    "@material/base": {
      "version": "0.2.5",
      "resolved": "https://registry.npmjs.org/@material/base/-/base-0.2.5.tgz",
      "integrity": "sha512-oQEiOLBlPRox8LEQNRmtOjFGMYg0D4cyE1swQwYwSy0Zz1/hG21f3f3WsPDn4NUhnscL68chtlJiG49LLd6Nfw=="
    },
    "@material/button": {
      "version": "0.6.0",
      "resolved": "https://registry.npmjs.org/@material/button/-/button-0.6.0.tgz",
      "integrity": "sha1-ztQg0otP0tXUsCcGRjBuzlA2J7Y=",
      "requires": {
        "@material/elevation": "0.1.11",
        "@material/ripple": "0.8.6",
        "@material/theme": "0.3.0",
        "@material/typography": "0.3.0"
      }
    },
    "@material/card": {
      "version": "0.2.8",
      "resolved": "https://registry.npmjs.org/@material/card/-/card-0.2.8.tgz",
      "integrity": "sha1-HSkMU8sg0ud8zufgRvngEYvbK5Y=",
      "requires": {
        "@material/elevation": "0.1.11",
        "@material/rtl": "0.1.7",
        "@material/theme": "0.3.0",
        "@material/typography": "0.3.0"
      }
    },
    "@material/checkbox": {
      "version": "0.4.6",
      "resolved": "https://registry.npmjs.org/@material/checkbox/-/checkbox-0.4.6.tgz",
      "integrity": "sha1-u2CdS4UsJ4ywa6mSTuy9rdpV9KM=",
      "requires": {
        "@material/animation": "0.3.1",
        "@material/base": "0.2.5",
        "@material/ripple": "0.8.6",
        "@material/rtl": "0.1.7",
        "@material/selection-control": "0.1.1",
        "@material/theme": "0.3.0"
      }
    },
    "@material/dialog": {
      "version": "0.4.3",
      "resolved": "https://registry.npmjs.org/@material/dialog/-/dialog-0.4.3.tgz",
      "integrity": "sha1-PD02EGnf+Lix1NOa1s+p0Cg2CCc=",
      "requires": {
        "@material/animation": "0.3.1",
        "@material/base": "0.2.5",
        "@material/elevation": "0.1.11",
        "@material/ripple": "0.8.6",
        "@material/rtl": "0.1.7",
        "@material/theme": "0.3.0",
        "@material/typography": "0.1.1",
        "focus-trap": "2.3.0"
      },
      "dependencies": {
        "@material/typography": {
          "version": "0.1.1",
          "resolved": "https://registry.npmjs.org/@material/typography/-/typography-0.1.1.tgz",
          "integrity": "sha1-+y40N70yhNOen7kUhXZ63msr0ME="
        }
      }
    },
    "@material/drawer": {
      "version": "0.5.7",
      "resolved": "https://registry.npmjs.org/@material/drawer/-/drawer-0.5.7.tgz",
      "integrity": "sha1-2Rbcp9d2ugPpX6wkPZsS49DxkvA=",
      "requires": {
        "@material/animation": "0.3.1",
        "@material/base": "0.2.5",
        "@material/elevation": "0.1.11",
        "@material/rtl": "0.1.7",
        "@material/theme": "0.3.0",
        "@material/typography": "0.3.0"
      }
    },
    "@material/elevation": {
      "version": "0.1.11",
      "resolved": "https://registry.npmjs.org/@material/elevation/-/elevation-0.1.11.tgz",
      "integrity": "sha1-GVgVZIaX8vutIGZqTCMtybbxGJs=",
      "requires": {
        "@material/animation": "0.3.1"
      }
    },
    "@material/fab": {
      "version": "0.4.0",
      "resolved": "https://registry.npmjs.org/@material/fab/-/fab-0.4.0.tgz",
      "integrity": "sha1-5r85z1ruqWiqcZMdVd4qWgTZo+0=",
      "requires": {
        "@material/animation": "0.3.1",
        "@material/elevation": "0.1.11",
        "@material/ripple": "0.8.6",
        "@material/theme": "0.3.0"
      }
    },
    "@material/form-field": {
      "version": "0.2.15",
      "resolved": "https://registry.npmjs.org/@material/form-field/-/form-field-0.2.15.tgz",
      "integrity": "sha1-LTBW0fx0SFKGydWGwQjja+irkAM=",
      "requires": {
        "@material/base": "0.2.5",
        "@material/rtl": "0.1.7",
        "@material/selection-control": "0.1.1",
        "@material/theme": "0.3.0",
        "@material/typography": "0.3.0"
      }
    },
    "@material/grid-list": {
      "version": "0.2.11",
      "resolved": "https://registry.npmjs.org/@material/grid-list/-/grid-list-0.2.11.tgz",
      "integrity": "sha1-3Cn4jt9TPTCEPeq17xPLW6qiFt8=",
      "requires": {
        "@material/base": "0.2.5",
        "@material/rtl": "0.1.7",
        "@material/theme": "0.3.0",
        "@material/typography": "0.3.0"
      }
    },
    "@material/icon-toggle": {
      "version": "0.1.20",
      "resolved": "https://registry.npmjs.org/@material/icon-toggle/-/icon-toggle-0.1.20.tgz",
      "integrity": "sha1-uvLRv7DLk6ryH9+qsyV0VDZF+8A=",
      "requires": {
        "@material/animation": "0.3.1",
        "@material/base": "0.2.5",
        "@material/ripple": "0.8.6",
        "@material/theme": "0.3.0"
      }
    },
    "@material/layout-grid": {
      "version": "0.4.3",
      "resolved": "https://registry.npmjs.org/@material/layout-grid/-/layout-grid-0.4.3.tgz",
      "integrity": "sha1-+1aoHDs8SPqoH4hJPr13NBWVhtk="
    },
    "@material/linear-progress": {
      "version": "0.1.9",
      "resolved": "https://registry.npmjs.org/@material/linear-progress/-/linear-progress-0.1.9.tgz",
      "integrity": "sha1-I2xMmt69snFcBUHbxFv1hAP0HFQ=",
      "requires": {
        "@material/animation": "0.3.1",
        "@material/base": "0.2.5",
        "@material/theme": "0.3.0"
      }
    },
    "@material/list": {
      "version": "0.2.18",
      "resolved": "https://registry.npmjs.org/@material/list/-/list-0.2.18.tgz",
      "integrity": "sha1-KielNYh/gN5SargF8mXGAeBdsLI=",
      "requires": {
        "@material/ripple": "0.8.6",
        "@material/rtl": "0.1.7",
        "@material/theme": "0.3.0",
        "@material/typography": "0.3.0"
      }
    },
    "@material/menu": {
      "version": "0.4.6",
      "resolved": "https://registry.npmjs.org/@material/menu/-/menu-0.4.6.tgz",
      "integrity": "sha1-kSyDFmPYQqGhhtx/YRgoiy1qZQw=",
      "requires": {
        "@material/animation": "0.3.1",
        "@material/base": "0.2.5",
        "@material/elevation": "0.1.11",
        "@material/theme": "0.3.0",
        "@material/typography": "0.3.0"
      }
    },
    "@material/radio": {
      "version": "0.2.13",
      "resolved": "https://registry.npmjs.org/@material/radio/-/radio-0.2.13.tgz",
      "integrity": "sha1-k1eYMwuOOBCMGeqL9z+HDCI+FG8=",
      "requires": {
        "@material/animation": "0.3.1",
        "@material/base": "0.2.5",
        "@material/ripple": "0.8.6",
        "@material/selection-control": "0.1.1",
        "@material/theme": "0.3.0"
      }
    },
    "@material/ripple": {
      "version": "0.8.6",
      "resolved": "https://registry.npmjs.org/@material/ripple/-/ripple-0.8.6.tgz",
      "integrity": "sha1-A57CKTf3i8/vozDTUzx3hSRm2Ng=",
      "requires": {
        "@material/base": "0.2.5",
        "@material/theme": "0.3.0"
      }
    },
    "@material/rtl": {
      "version": "0.1.7",
      "resolved": "https://registry.npmjs.org/@material/rtl/-/rtl-0.1.7.tgz",
      "integrity": "sha1-s4t3GvGDvPNNZD9gDxf8QzaYU1o="
    },
    "@material/select": {
      "version": "0.3.16",
      "resolved": "https://registry.npmjs.org/@material/select/-/select-0.3.16.tgz",
      "integrity": "sha1-0vz+ng+BzKv7aRwnuFRGwRjpJTc=",
      "requires": {
        "@material/animation": "0.3.1",
        "@material/base": "0.2.5",
        "@material/list": "0.2.18",
        "@material/menu": "0.4.6",
        "@material/rtl": "0.1.7",
        "@material/theme": "0.3.0",
        "@material/typography": "0.3.0"
      }
    },
    "@material/selection-control": {
      "version": "0.1.1",
      "resolved": "https://registry.npmjs.org/@material/selection-control/-/selection-control-0.1.1.tgz",
      "integrity": "sha1-l0gidx1h2hA0c3I2xdwg5jqcUtM=",
      "requires": {
        "@material/ripple": "0.8.6"
      }
    },
    "@material/slider": {
      "version": "0.2.5",
      "resolved": "https://registry.npmjs.org/@material/slider/-/slider-0.2.5.tgz",
      "integrity": "sha1-JulEiSUzOFfWRHPtFbwnbfpwC+M=",
      "requires": {
        "@material/animation": "0.3.1",
        "@material/base": "0.2.5",
        "@material/rtl": "0.1.7",
        "@material/theme": "0.3.0"
      }
    },
    "@material/snackbar": {
      "version": "0.3.6",
      "resolved": "https://registry.npmjs.org/@material/snackbar/-/snackbar-0.3.6.tgz",
      "integrity": "sha1-Q+skWO70uFfSa9N6a365tI3nnQA=",
      "requires": {
        "@material/animation": "0.3.1",
        "@material/base": "0.2.5",
        "@material/button": "0.6.0",
        "@material/rtl": "0.1.7",
        "@material/theme": "0.3.0",
        "@material/typography": "0.3.0"
      }
    },
    "@material/switch": {
      "version": "0.1.13",
      "resolved": "https://registry.npmjs.org/@material/switch/-/switch-0.1.13.tgz",
      "integrity": "sha1-9rWzBVQX9NsH+EMil0nWz/l6KVQ=",
      "requires": {
        "@material/animation": "0.3.1",
        "@material/elevation": "0.1.11",
        "@material/theme": "0.3.0"
      }
    },
    "@material/tabs": {
      "version": "0.2.9",
      "resolved": "https://registry.npmjs.org/@material/tabs/-/tabs-0.2.9.tgz",
      "integrity": "sha1-5RLSSKYrN+XtVwkMUuZhmWDr3bM=",
      "requires": {
        "@material/animation": "0.3.1",
        "@material/base": "0.2.5",
        "@material/ripple": "0.8.6",
        "@material/rtl": "0.1.7",
        "@material/theme": "0.3.0",
        "@material/typography": "0.3.0"
      }
    },
    "@material/textfield": {
      "version": "0.4.0",
      "resolved": "https://registry.npmjs.org/@material/textfield/-/textfield-0.4.0.tgz",
      "integrity": "sha1-l+AYWn4lWxl3W0j+AfJ2rZ21/vw=",
      "requires": {
        "@material/animation": "0.3.1",
        "@material/base": "0.2.5",
        "@material/ripple": "0.8.6",
        "@material/rtl": "0.1.7",
        "@material/theme": "0.3.0",
        "@material/typography": "0.3.0"
      }
    },
    "@material/theme": {
      "version": "0.3.0",
      "resolved": "https://registry.npmjs.org/@material/theme/-/theme-0.3.0.tgz",
      "integrity": "sha1-0OdiLHeuu9lBbmVhwx/0qDONHwY="
    },
    "@material/toolbar": {
      "version": "0.4.8",
      "resolved": "https://registry.npmjs.org/@material/toolbar/-/toolbar-0.4.8.tgz",
      "integrity": "sha1-JlYIojVu5rRCmnjET8fhbpW/T+4=",
      "requires": {
        "@material/base": "0.2.5",
        "@material/elevation": "0.1.11",
        "@material/rtl": "0.1.7",
        "@material/theme": "0.3.0",
        "@material/typography": "0.3.0"
      }
    },
    "@material/typography": {
      "version": "0.3.0",
      "resolved": "https://registry.npmjs.org/@material/typography/-/typography-0.3.0.tgz",
      "integrity": "sha1-+CjC0yFb/WbFgHJwm0JgxkElOQo="
    },
    "angular": {
      "version": "1.6.6",
      "resolved": "https://registry.npmjs.org/angular/-/angular-1.6.6.tgz",
      "integrity": "sha1-/Vo8+0N844LYVO4BEgeXl4Uny2Q="
    },
    "angular-animate": {
      "version": "1.6.6",
      "resolved": "https://registry.npmjs.org/angular-animate/-/angular-animate-1.6.6.tgz",
      "integrity": "sha1-aSVkexQaBA0kG/ElBA8aFQ/NinA="
    },
    "angular-aria": {
      "version": "1.6.6",
      "resolved": "https://registry.npmjs.org/angular-aria/-/angular-aria-1.6.6.tgz",
      "integrity": "sha1-WN10jglWS8hAn3Ob3lezX77ltqU="
    },
    "angular-material": {
      "version": "1.1.5",
      "resolved": "https://registry.npmjs.org/angular-material/-/angular-material-1.1.5.tgz",
      "integrity": "sha1-pUUM2CBeFadpHtw4lHYJTPhtWSs="
    },
    "angular-messages": {
      "version": "1.6.6",
      "resolved": "https://registry.npmjs.org/angular-messages/-/angular-messages-1.6.6.tgz",
      "integrity": "sha1-qbs/xflx10XNOjvbqrxvH03rE/M="
    },
    "angularfire": {
      "version": "2.3.0",
      "resolved": "https://registry.npmjs.org/angularfire/-/angularfire-2.3.0.tgz",
      "integrity": "sha1-wVLRK2Vc0hoDmVYBXH3N/MTyXaU=",
      "requires": {
        "firebase": "3.9.0"
      }
    },
    "firebase": {
      "version": "3.9.0",
      "resolved": "https://registry.npmjs.org/firebase/-/firebase-3.9.0.tgz",
      "integrity": "sha1-xCN/UPWO6yUIGxg51svxdfj37Zs=",
      "requires": {
        "dom-storage": "2.0.2",
        "faye-websocket": "0.9.3",
        "jsonwebtoken": "7.4.0",
        "promise-polyfill": "6.0.2",
        "xmlhttprequest": "1.8.0"
      },
      "dependencies": {
        "base64url": {
          "version": "2.0.0",
          "resolved": "https://registry.npmjs.org/base64url/-/base64url-2.0.0.tgz",
          "integrity": "sha1-6sFuA+oUOO/5Qj1puqNiYu0fcLs="
        },
        "buffer-equal-constant-time": {
          "version": "1.0.1",
          "resolved": "https://registry.npmjs.org/buffer-equal-constant-time/-/buffer-equal-constant-time-1.0.1.tgz",
          "integrity": "sha1-+OcRMvf/5uAaXJaXpMbz5I1cyBk="
        },
        "dom-storage": {
          "version": "2.0.2",
          "resolved": "https://registry.npmjs.org/dom-storage/-/dom-storage-2.0.2.tgz",
          "integrity": "sha1-7RfL9oq9EOCu+BgnE+KXxeS1ALA="
        },
        "ecdsa-sig-formatter": {
          "version": "1.0.9",
          "resolved": "https://registry.npmjs.org/ecdsa-sig-formatter/-/ecdsa-sig-formatter-1.0.9.tgz",
          "integrity": "sha1-S8kmJ07Dtau1AW5+HWCSGsJisqE=",
          "requires": {
            "base64url": "2.0.0",
            "safe-buffer": "5.0.1"
          }
        },
        "faye-websocket": {
          "version": "0.9.3",
          "resolved": "https://registry.npmjs.org/faye-websocket/-/faye-websocket-0.9.3.tgz",
          "integrity": "sha1-SCpQWw3wrmJrlphm0710DNuWLoM=",
          "requires": {
            "websocket-driver": "0.6.5"
          }
        },
        "hoek": {
          "version": "2.16.3",
          "resolved": "https://registry.npmjs.org/hoek/-/hoek-2.16.3.tgz",
          "integrity": "sha1-ILt0A9POo5jpHcRxCo/xuCdKJe0="
        },
        "isemail": {
          "version": "1.2.0",
          "resolved": "https://registry.npmjs.org/isemail/-/isemail-1.2.0.tgz",
          "integrity": "sha1-vgPfjMPineTSxd9lASY/H6RZXpo="
        },
        "joi": {
          "version": "6.10.1",
          "resolved": "https://registry.npmjs.org/joi/-/joi-6.10.1.tgz",
          "integrity": "sha1-TVDDGAeRIgAP5fFq8f+OGRe3fgY=",
          "requires": {
            "hoek": "2.16.3",
            "isemail": "1.2.0",
            "moment": "2.18.1",
            "topo": "1.1.0"
          }
        },
        "jsonwebtoken": {
          "version": "7.4.0",
          "resolved": "https://registry.npmjs.org/jsonwebtoken/-/jsonwebtoken-7.4.0.tgz",
          "integrity": "sha1-UVvyu6Bw7GFbrZf9LpRQJ+tHaUY=",
          "requires": {
            "joi": "6.10.1",
            "jws": "3.1.4",
            "lodash.once": "4.1.1",
            "ms": "0.7.3",
            "xtend": "4.0.1"
          }
        },
        "jwa": {
          "version": "1.1.5",
          "resolved": "https://registry.npmjs.org/jwa/-/jwa-1.1.5.tgz",
          "integrity": "sha1-oFUs4CIHQs1S4VN3SjKQXDDnVuU=",
          "requires": {
            "base64url": "2.0.0",
            "buffer-equal-constant-time": "1.0.1",
            "ecdsa-sig-formatter": "1.0.9",
            "safe-buffer": "5.0.1"
          }
        },
        "jws": {
          "version": "3.1.4",
          "resolved": "https://registry.npmjs.org/jws/-/jws-3.1.4.tgz",
          "integrity": "sha1-+ei5M46KhHJ31kRLFGT2GIDgUKI=",
          "requires": {
            "base64url": "2.0.0",
            "jwa": "1.1.5",
            "safe-buffer": "5.0.1"
          }
        },
        "lodash.once": {
          "version": "4.1.1",
          "resolved": "https://registry.npmjs.org/lodash.once/-/lodash.once-4.1.1.tgz",
          "integrity": "sha1-DdOXEhPHxW34gJd9UEyI+0cal6w="
        },
        "moment": {
          "version": "2.18.1",
          "resolved": "https://registry.npmjs.org/moment/-/moment-2.18.1.tgz",
          "integrity": "sha1-w2GT3Tzhwu7SrbfIAtu8d6gbHA8="
        },
        "ms": {
          "version": "0.7.3",
          "resolved": "https://registry.npmjs.org/ms/-/ms-0.7.3.tgz",
          "integrity": "sha1-cIFVpeROM/X9D8U+gdDUCpG+H/8="
        },
        "promise-polyfill": {
          "version": "6.0.2",
          "resolved": "https://registry.npmjs.org/promise-polyfill/-/promise-polyfill-6.0.2.tgz",
          "integrity": "sha1-2chtPcTcLfkBboiUbe/Wm0m0EWI="
        },
        "safe-buffer": {
          "version": "5.0.1",
          "resolved": "https://registry.npmjs.org/safe-buffer/-/safe-buffer-5.0.1.tgz",
          "integrity": "sha1-0mPKVGls2KMGtcplUekt5XkY++c="
        },
        "topo": {
          "version": "1.1.0",
          "resolved": "https://registry.npmjs.org/topo/-/topo-1.1.0.tgz",
          "integrity": "sha1-6ddRYV0buH3IZdsYL6HKCl71NtU=",
          "requires": {
            "hoek": "2.16.3"
          }
        },
        "websocket-driver": {
          "version": "0.6.5",
          "resolved": "https://registry.npmjs.org/websocket-driver/-/websocket-driver-0.6.5.tgz",
          "integrity": "sha1-XLJVbOuF9Dc8bYI4qmkchFThOjY=",
          "requires": {
            "websocket-extensions": "0.1.1"
          }
        },
        "websocket-extensions": {
          "version": "0.1.1",
          "resolved": "https://registry.npmjs.org/websocket-extensions/-/websocket-extensions-0.1.1.tgz",
          "integrity": "sha1-domUmcGEtu91Q3fC27DNbLVdKec="
        },
        "xmlhttprequest": {
          "version": "1.8.0",
          "resolved": "https://registry.npmjs.org/xmlhttprequest/-/xmlhttprequest-1.8.0.tgz",
          "integrity": "sha1-Z/4HXFwk/vOfnWX197f+dRcZaPw="
        },
        "xtend": {
          "version": "4.0.1",
          "resolved": "https://registry.npmjs.org/xtend/-/xtend-4.0.1.tgz",
          "integrity": "sha1-pcbVMr5lbiPbgg77lDofBJmNY68="
        }
      }
    },
    "focus-trap": {
      "version": "2.3.0",
      "resolved": "https://registry.npmjs.org/focus-trap/-/focus-trap-2.3.0.tgz",
      "integrity": "sha1-B8kZZIZ9NGMV9PX434i/lkVTFuI=",
      "requires": {
        "tabbable": "1.0.8"
      }
    },
    "material-components-web": {
      "version": "0.20.0",
      "resolved": "https://registry.npmjs.org/material-components-web/-/material-components-web-0.20.0.tgz",
      "integrity": "sha1-om2oDCcP0GJc14Q73MYbDFqFJ/U=",
      "requires": {
        "@material/animation": "0.3.1",
        "@material/auto-init": "0.1.4",
        "@material/base": "0.2.5",
        "@material/button": "0.6.0",
        "@material/card": "0.2.8",
        "@material/checkbox": "0.4.6",
        "@material/dialog": "0.4.3",
        "@material/drawer": "0.5.7",
        "@material/elevation": "0.1.11",
        "@material/fab": "0.4.0",
        "@material/form-field": "0.2.15",
        "@material/grid-list": "0.2.11",
        "@material/icon-toggle": "0.1.20",
        "@material/layout-grid": "0.4.3",
        "@material/linear-progress": "0.1.9",
        "@material/list": "0.2.18",
        "@material/menu": "0.4.6",
        "@material/radio": "0.2.13",
        "@material/ripple": "0.8.6",
        "@material/rtl": "0.1.7",
        "@material/select": "0.3.16",
        "@material/selection-control": "0.1.1",
        "@material/slider": "0.2.5",
        "@material/snackbar": "0.3.6",
        "@material/switch": "0.1.13",
        "@material/tabs": "0.2.9",
        "@material/textfield": "0.4.0",
        "@material/theme": "0.3.0",
        "@material/toolbar": "0.4.8",
        "@material/typography": "0.3.0"
      }
    },
    "tabbable": {
      "version": "1.0.8",
      "resolved": "https://registry.npmjs.org/tabbable/-/tabbable-1.0.8.tgz",
      "integrity": "sha512-EbAbVY0LMZKBs10dulrLDcH+qS5cgS21dm4NrBb8UGke4LAKlmg3ellYKigAGX+82wfPFRpqRere+e2AeEXP0w=="
    },
    "tslib": {
      "version": "1.7.1",
      "resolved": "https://registry.npmjs.org/tslib/-/tslib-1.7.1.tgz",
      "integrity": "sha1-vIAEFkaRkjp5/oN4u+s9ogF1OOw="
    }
  }
}
